
Microsoft Visual Studio Solution File, Format Version 12.00
# Visual Studio 2013
VisualStudioVersion = 12.0.21005.1
MinimumVisualStudioVersion = 10.0.40219.1
Project("{8BC9CEB8-8B4A-11D0-8D11-00A0C91BC942}") = "SharedPtrRelease", "SharedPtrRelease\SharedPtrRelease.vcxproj", "{65C860D7-B969-4846-AB5B-C90E37763BD5}"
EndProject
Global
	GlobalSection(SolutionConfigurationPlatforms) = preSolution
		Debug|Win32 = Debug|Win32
		Release|Win32 = Release|Win32
	EndGlobalSection
	GlobalSection(ProjectConfigurationPlatforms) = postSolution
		{65C860D7-B969-4846-AB5B-C90E37763BD5}.Debug|Win32.ActiveCfg = Debug|Win32
		{65C860D7-B969-4846-AB5B-C90E37763BD5}.Debug|Win32.Build.0 = Debug|Win32
		{65C860D7-B969-4846-AB5B-C90E37763BD5}.Release|Win32.ActiveCfg = Release|Win32
		{65C860D7-B969-4846-AB5B-C90E37763BD5}.Release|Win32.Build.0 = Release|Win32
	EndGlobalSection
	GlobalSection(SolutionProperties) = preSolution
		HideSolutionNode = FALSE
	EndGlobalSection
EndGlobal
